<?xml version="1.0" encoding="UTF-8"?>
<CONFIG>
  <ProjectOptions>
    <Version Value="12"/>
    <PathDelim Value="\"/>
    <General>
      <Title Value="ADimPas Toolkit"/>
      <Scaled Value="True"/>
      <ResourceType Value="res"/>
      <UseXPManifest Value="True"/>
      <XPManifest>
        <DpiAware Value="True"/>
      </XPManifest>
      <Icon Value="0"/>
      <Resources Count="5">
        <Resource_0 FileName="resources\section-A0" Type="RCDATA" ResourceName="SECTION-A0"/>
        <Resource_1 FileName="resources\section-A1" Type="RCDATA" ResourceName="SECTION-A1"/>
        <Resource_2 FileName="resources\section-A4" Type="RCDATA" ResourceName="SECTION-A4"/>
        <Resource_3 FileName="resources\section-B1" Type="RCDATA" ResourceName="SECTION-B1"/>
        <Resource_4 FileName="resources\section-B4" Type="RCDATA" ResourceName="SECTION-B4"/>
      </Resources>
    </General>
    <BuildModes Active="Default">
      <Item Name="Default" Default="True"/>
    </BuildModes>
    <PublishOptions>
      <Version Value="2"/>
      <UseFileFilters Value="True"/>
    </PublishOptions>
    <RunParams>
      <FormatVersion Value="2"/>
    </RunParams>
    <RequiredPackages>
      <Item>
        <PackageName Value="laz_fpspreadsheet_visual"/>
      </Item>
      <Item>
        <PackageName Value="SynEditDsgn"/>
      </Item>
      <Item>
        <PackageName Value="SynEdit"/>
      </Item>
      <Item>
        <PackageName Value="LCL"/>
      </Item>
    </RequiredPackages>
    <Units>
      <Unit>
        <Filename Value="adimpas.lpr"/>
        <IsPartOfProject Value="True"/>
        <UnitName Value="ADimPas"/>
        <TopLine Value="8"/>
        <CursorPos X="3" Y="33"/>
        <UsageCount Value="96"/>
        <Loaded Value="True"/>
      </Unit>
      <Unit>
        <Filename Value="mainfrm.pas"/>
        <IsPartOfProject Value="True"/>
        <ComponentName Value="MainForm"/>
        <HasResources Value="True"/>
        <ResourceBaseClass Value="Form"/>
        <UnitName Value="MainFrm"/>
        <IsVisibleTab Value="True"/>
        <EditorIndex Value="1"/>
        <TopLine Value="221"/>
        <CursorPos X="34" Y="237"/>
        <FoldState Value=" T3lA0bJ"/>
        <UsageCount Value="96"/>
        <Loaded Value="True"/>
        <LoadedDesigner Value="True"/>
      </Unit>
      <Unit>
        <Filename Value="uform2.pas"/>
        <ComponentName Value="Form2"/>
        <HasResources Value="True"/>
        <ResourceBaseClass Value="Form"/>
        <EditorIndex Value="-1"/>
        <UsageCount Value="24"/>
      </Unit>
      <Unit>
        <Filename Value="..\..\lazarus\lcl\grids.pas"/>
        <UnitName Value="Grids"/>
        <EditorIndex Value="-1"/>
        <TopLine Value="119"/>
        <CursorPos X="11" Y="131"/>
        <UsageCount Value="9"/>
      </Unit>
      <Unit>
        <Filename Value="src\UUnits.pas"/>
        <EditorIndex Value="-1"/>
        <TopLine Value="44"/>
        <CursorPos X="85" Y="60"/>
        <UsageCount Value="12"/>
      </Unit>
      <Unit>
        <Filename Value="src\UnitOfMeasurement.pas"/>
        <EditorIndex Value="-1"/>
        <TopLine Value="649"/>
        <CursorPos X="42" Y="665"/>
        <UsageCount Value="9"/>
      </Unit>
      <Unit>
        <Filename Value="src\EN13906.pas"/>
        <EditorIndex Value="-1"/>
        <TopLine Value="262"/>
        <CursorPos X="29" Y="277"/>
        <UsageCount Value="9"/>
      </Unit>
      <Unit>
        <Filename Value="..\qk\SpringLIB\src\UnitOfMeasurement.pas"/>
        <EditorIndex Value="-1"/>
        <TopLine Value="1307"/>
        <CursorPos X="6" Y="1346"/>
        <UsageCount Value="9"/>
      </Unit>
      <Unit>
        <Filename Value="..\qk\SpringLIB\src\EN13906.pas"/>
        <EditorIndex Value="-1"/>
        <TopLine Value="638"/>
        <CursorPos X="59" Y="755"/>
        <UsageCount Value="9"/>
      </Unit>
      <Unit>
        <Filename Value="..\lazarus\lcl\grids.pas"/>
        <UnitName Value="Grids"/>
        <EditorIndex Value="-1"/>
        <TopLine Value="592"/>
        <CursorPos X="14" Y="610"/>
        <UsageCount Value="9"/>
      </Unit>
      <Unit>
        <Filename Value="C:\FPC\3.2.2\source\packages\fcl-base\src\inifiles.pp"/>
        <UnitName Value="IniFiles"/>
        <EditorIndex Value="-1"/>
        <TopLine Value="126"/>
        <CursorPos X="3" Y="145"/>
        <UsageCount Value="9"/>
      </Unit>
      <Unit>
        <Filename Value="C:\FPC\3.2.2\source\rtl\objpas\sysutils\sysstrh.inc"/>
        <EditorIndex Value="-1"/>
        <TopLine Value="97"/>
        <CursorPos X="10" Y="115"/>
        <UsageCount Value="9"/>
      </Unit>
      <Unit>
        <Filename Value="C:\FPC\3.2.2\source\rtl\objpas\classes\classesh.inc"/>
        <EditorIndex Value="-1"/>
        <TopLine Value="698"/>
        <CursorPos X="15" Y="716"/>
        <UsageCount Value="10"/>
      </Unit>
      <Unit>
        <Filename Value="..\qk\SpringLIB\src\ADim.pas"/>
        <EditorIndex Value="-1"/>
        <TopLine Value="2145"/>
        <CursorPos X="38" Y="2162"/>
        <UsageCount Value="10"/>
      </Unit>
      <Unit>
        <Filename Value="SimulatedAnnealing.pas"/>
        <UnitName Value="simulatedannealing"/>
        <EditorIndex Value="-1"/>
        <TopLine Value="29"/>
        <CursorPos X="56" Y="51"/>
        <UsageCount Value="11"/>
      </Unit>
      <Unit>
        <Filename Value="C:\FPC\3.2.2\source\rtl\inc\objpash.inc"/>
        <EditorIndex Value="-1"/>
        <TopLine Value="187"/>
        <CursorPos X="23" Y="206"/>
        <UsageCount Value="10"/>
      </Unit>
      <Unit>
        <Filename Value="..\qk\SpringLIB\src\UtilsBase.pas"/>
        <EditorIndex Value="-1"/>
        <TopLine Value="90"/>
        <CursorPos X="36" Y="116"/>
        <UsageCount Value="10"/>
      </Unit>
      <Unit>
        <Filename Value="..\lazarus\lcl\dialogs.pp"/>
        <UnitName Value="Dialogs"/>
        <EditorIndex Value="-1"/>
        <TopLine Value="23"/>
        <CursorPos X="3" Y="42"/>
        <UsageCount Value="10"/>
      </Unit>
      <Unit>
        <Filename Value="..\..\..\AppData\Local\lazarus\onlinepackagemanager\packages\fpspreadsheet\source\visual\fpspreadsheetgrid.pas"/>
        <EditorIndex Value="-1"/>
        <TopLine Value="317"/>
        <CursorPos X="22" Y="307"/>
        <UsageCount Value="11"/>
      </Unit>
      <Unit>
        <Filename Value="..\..\..\AppData\Local\lazarus\onlinepackagemanager\packages\fpspreadsheet\source\common\fpstypes.pas"/>
        <UnitName Value="fpsTypes"/>
        <EditorIndex Value="-1"/>
        <TopLine Value="30"/>
        <CursorPos X="66" Y="48"/>
        <UsageCount Value="10"/>
      </Unit>
      <Unit>
        <Filename Value="resources\section-A1"/>
        <EditorIndex Value="-1"/>
        <UsageCount Value="10"/>
        <DefaultSyntaxHighlighter Value="None"/>
      </Unit>
      <Unit>
        <Filename Value="resources\section-A6"/>
        <EditorIndex Value="-1"/>
        <UsageCount Value="10"/>
        <DefaultSyntaxHighlighter Value="None"/>
      </Unit>
      <Unit>
        <Filename Value="resources\section-B1"/>
        <EditorIndex Value="-1"/>
        <CursorPos X="22" Y="13"/>
        <UsageCount Value="10"/>
        <DefaultSyntaxHighlighter Value="None"/>
      </Unit>
      <Unit>
        <Filename Value="resources\section-B6"/>
        <EditorIndex Value="-1"/>
        <UsageCount Value="10"/>
        <DefaultSyntaxHighlighter Value="None"/>
      </Unit>
    </Units>
    <JumpHistory HistoryIndex="29">
      <Position>
        <Filename Value="mainfrm.pas"/>
        <Caret Line="119" Column="16" TopLine="81"/>
      </Position>
      <Position>
        <Filename Value="mainfrm.pas"/>
        <Caret Line="461" Column="11" TopLine="442"/>
      </Position>
      <Position>
        <Filename Value="mainfrm.pas"/>
        <Caret Line="353" Column="21" TopLine="336"/>
      </Position>
      <Position>
        <Filename Value="mainfrm.pas"/>
        <Caret Line="78" Column="39" TopLine="61"/>
      </Position>
      <Position>
        <Filename Value="mainfrm.pas"/>
        <Caret Line="234" Column="48" TopLine="234"/>
      </Position>
      <Position>
        <Filename Value="mainfrm.pas"/>
        <Caret Line="81" Column="12" TopLine="55"/>
      </Position>
      <Position>
        <Filename Value="mainfrm.pas"/>
        <Caret Line="239" Column="77" TopLine="230"/>
      </Position>
      <Position>
        <Filename Value="mainfrm.pas"/>
        <Caret Line="495" Column="57" TopLine="227"/>
      </Position>
      <Position>
        <Filename Value="mainfrm.pas"/>
        <Caret Line="492" Column="44" TopLine="451"/>
      </Position>
      <Position>
        <Filename Value="mainfrm.pas"/>
        <Caret Line="495" Column="44" TopLine="451"/>
      </Position>
      <Position>
        <Filename Value="mainfrm.pas"/>
        <Caret Line="362" Column="55" TopLine="349"/>
      </Position>
      <Position>
        <Filename Value="mainfrm.pas"/>
        <Caret Line="81" Column="24" TopLine="63"/>
      </Position>
      <Position>
        <Filename Value="mainfrm.pas"/>
        <Caret Line="512" Column="12" TopLine="372"/>
      </Position>
      <Position>
        <Filename Value="mainfrm.pas"/>
        <Caret Line="58" Column="28" TopLine="50"/>
      </Position>
      <Position>
        <Filename Value="mainfrm.pas"/>
        <Caret Line="532" Column="38" TopLine="507"/>
      </Position>
      <Position>
        <Filename Value="mainfrm.pas"/>
        <Caret Line="558" TopLine="540"/>
      </Position>
      <Position>
        <Filename Value="mainfrm.pas"/>
        <Caret Line="637" Column="69" TopLine="620"/>
      </Position>
      <Position>
        <Filename Value="mainfrm.pas"/>
        <Caret Line="644" Column="69" TopLine="627"/>
      </Position>
      <Position>
        <Filename Value="mainfrm.pas"/>
        <Caret Line="315" Column="17" TopLine="302"/>
      </Position>
      <Position>
        <Filename Value="mainfrm.pas"/>
        <Caret Line="71" Column="25" TopLine="60"/>
      </Position>
      <Position>
        <Filename Value="mainfrm.pas"/>
        <Caret Line="170" Column="38" TopLine="161"/>
      </Position>
      <Position>
        <Filename Value="mainfrm.pas"/>
        <Caret Line="270" Column="28" TopLine="251"/>
      </Position>
      <Position>
        <Filename Value="mainfrm.pas"/>
        <Caret Line="283" Column="24" TopLine="265"/>
      </Position>
      <Position>
        <Filename Value="mainfrm.pas"/>
        <Caret Line="438" Column="46" TopLine="427"/>
      </Position>
      <Position>
        <Filename Value="mainfrm.pas"/>
        <Caret Line="61" TopLine="50"/>
      </Position>
      <Position>
        <Filename Value="mainfrm.pas"/>
        <Caret Line="372" Column="45" TopLine="71"/>
      </Position>
      <Position>
        <Filename Value="mainfrm.pas"/>
        <Caret Line="571" TopLine="534"/>
      </Position>
      <Position>
        <Filename Value="mainfrm.pas"/>
        <Caret Line="379" Column="12" TopLine="312"/>
      </Position>
      <Position>
        <Filename Value="mainfrm.pas"/>
        <Caret Line="570" TopLine="533"/>
      </Position>
      <Position>
        <Filename Value="mainfrm.pas"/>
        <Caret Line="533" TopLine="515"/>
      </Position>
    </JumpHistory>
  </ProjectOptions>
  <CompilerOptions>
    <Version Value="11"/>
    <PathDelim Value="\"/>
    <Target>
      <Filename Value="build\ADimPas"/>
    </Target>
    <SearchPaths>
      <IncludeFiles Value="$(ProjOutDir)"/>
      <UnitOutputDirectory Value="build\lib"/>
    </SearchPaths>
    <CodeGeneration>
      <SmartLinkUnit Value="True"/>
      <Optimizations>
        <OptimizationLevel Value="3"/>
      </Optimizations>
    </CodeGeneration>
    <Linking>
      <Debugging>
        <GenerateDebugInfo Value="False"/>
        <DebugInfoType Value="dsDwarf3"/>
        <UseLineInfoUnit Value="False"/>
      </Debugging>
      <LinkSmart Value="True"/>
      <Options>
        <Win32>
          <GraphicApplication Value="True"/>
        </Win32>
      </Options>
    </Linking>
  </CompilerOptions>
  <Debugging>
    <Exceptions>
      <Item>
        <Name Value="EAbort"/>
      </Item>
      <Item>
        <Name Value="ECodetoolError"/>
      </Item>
      <Item>
        <Name Value="EFOpenError"/>
      </Item>
      <Item>
        <Name Value="EXMLReadError"/>
      </Item>
    </Exceptions>
  </Debugging>
</CONFIG>
