<?xml version="1.0" encoding="UTF-8"?>
<CONFIG>
  <ProjectOptions>
    <Version Value="12"/>
    <General>
      <Flags>
        <MainUnitHasCreateFormStatements Value="False"/>
        <MainUnitHasTitleStatement Value="False"/>
        <MainUnitHasScaledStatement Value="False"/>
      </Flags>
      <Title Value="examples"/>
      <UseAppBundle Value="False"/>
      <ResourceType Value="res"/>
    </General>
    <BuildModes Active="Default">
      <Item Name="Default" Default="True"/>
    </BuildModes>
    <PublishOptions>
      <Version Value="2"/>
      <UseFileFilters Value="True"/>
    </PublishOptions>
    <RunParams>
      <FormatVersion Value="2"/>
    </RunParams>
    <Units>
      <Unit>
        <Filename Value="examples.pas"/>
        <IsPartOfProject Value="True"/>
        <IsVisibleTab Value="True"/>
        <TopLine Value="1081"/>
        <CursorPos X="33" Y="1097"/>
        <UsageCount Value="192"/>
        <Loaded Value="True"/>
      </Unit>
      <Unit>
        <Filename Value="dim.pas"/>
        <IsPartOfProject Value="True"/>
        <UnitName Value="Dim"/>
        <EditorIndex Value="-1"/>
        <TopLine Value="138"/>
        <CursorPos X="7" Y="153"/>
        <UsageCount Value="192"/>
      </Unit>
      <Unit>
        <Filename Value="code.inc"/>
        <EditorIndex Value="-1"/>
        <UsageCount Value="47"/>
      </Unit>
      <Unit>
        <Filename Value="dimensioned.pas"/>
        <UnitName Value="Dimensioned"/>
        <EditorIndex Value="-1"/>
        <TopLine Value="85"/>
        <CursorPos X="5" Y="103"/>
        <UsageCount Value="7"/>
      </Unit>
      <Unit>
        <Filename Value="../qk2/SpringLIB/src/EN13906.pas"/>
        <EditorIndex Value="-1"/>
        <TopLine Value="744"/>
        <CursorPos X="35" Y="757"/>
        <UsageCount Value="8"/>
      </Unit>
      <Unit>
        <Filename Value="../qk2/SpringLIB/src/EN10270.pas"/>
        <EditorIndex Value="-1"/>
        <TopLine Value="81"/>
        <CursorPos X="56" Y="65"/>
        <UsageCount Value="7"/>
      </Unit>
      <Unit>
        <Filename Value="../qk/SpringLIB/src/ADim.pas"/>
        <EditorIndex Value="-1"/>
        <TopLine Value="28"/>
        <UsageCount Value="8"/>
      </Unit>
      <Unit>
        <Filename Value="../qk/SpringLIB/src/EN15800.pas"/>
        <EditorIndex Value="-1"/>
        <TopLine Value="216"/>
        <CursorPos X="24" Y="166"/>
        <UsageCount Value="8"/>
      </Unit>
      <Unit>
        <Filename Value="../qk/SpringLIB/src/EN10270.pas"/>
        <EditorIndex Value="-1"/>
        <TopLine Value="206"/>
        <CursorPos X="32" Y="238"/>
        <UsageCount Value="8"/>
      </Unit>
      <Unit>
        <Filename Value="../qk/SpringLIB/src/EN13906.pas"/>
        <EditorIndex Value="-1"/>
        <TopLine Value="132"/>
        <CursorPos X="38" Y="147"/>
        <UsageCount Value="8"/>
      </Unit>
      <Unit>
        <Filename Value="../../../../../FPC/3.2.2/source/rtl/inc/mathh.inc"/>
        <EditorIndex Value="-1"/>
        <TopLine Value="89"/>
        <CursorPos X="14" Y="108"/>
        <UsageCount Value="9"/>
      </Unit>
      <Unit>
        <Filename Value="../../../../../FPC/3.2.2/source/rtl/objpas/sysutils/syshelph.inc"/>
        <EditorIndex Value="-1"/>
        <TopLine Value="89"/>
        <CursorPos X="14" Y="107"/>
        <UsageCount Value="9"/>
      </Unit>
      <Unit>
        <Filename Value="adim.pas"/>
        <UnitName Value="ADim"/>
        <EditorIndex Value="1"/>
        <TopLine Value="39"/>
        <CursorPos X="37" Y="55"/>
        <UsageCount Value="28"/>
        <Loaded Value="True"/>
      </Unit>
      <Unit>
        <Filename Value="../../../../../FPC/3.2.2/source/rtl/objpas/math.pp"/>
        <UnitName Value="Math"/>
        <EditorIndex Value="-1"/>
        <TopLine Value="332"/>
        <CursorPos X="10" Y="361"/>
        <UsageCount Value="9"/>
      </Unit>
      <Unit>
        <Filename Value="../qk/SpringLIB/src/UtilsBase.pas"/>
        <EditorIndex Value="-1"/>
        <TopLine Value="286"/>
        <CursorPos X="63" Y="308"/>
        <UsageCount Value="9"/>
      </Unit>
      <Unit>
        <Filename Value="resources/section-A1"/>
        <EditorIndex Value="-1"/>
        <CursorPos Y="17"/>
        <UsageCount Value="10"/>
        <DefaultSyntaxHighlighter Value="None"/>
      </Unit>
      <Unit>
        <Filename Value="resources/section-A6"/>
        <EditorIndex Value="-1"/>
        <CursorPos X="50" Y="13"/>
        <UsageCount Value="10"/>
        <DefaultSyntaxHighlighter Value="None"/>
      </Unit>
      <Unit>
        <Filename Value="resources/section-B1"/>
        <EditorIndex Value="-1"/>
        <CursorPos X="5" Y="15"/>
        <UsageCount Value="10"/>
        <DefaultSyntaxHighlighter Value="None"/>
      </Unit>
      <Unit>
        <Filename Value="resources/section-B6"/>
        <EditorIndex Value="-1"/>
        <TopLine Value="17"/>
        <CursorPos X="21" Y="20"/>
        <UsageCount Value="10"/>
        <DefaultSyntaxHighlighter Value="None"/>
      </Unit>
      <Unit>
        <Filename Value="../../../../../fpcupdeluxe/fpcsrc/rtl/win/wininc/func.inc"/>
        <EditorIndex Value="-1"/>
        <TopLine Value="982"/>
        <CursorPos X="10" Y="1001"/>
        <UsageCount Value="10"/>
      </Unit>
      <Unit>
        <Filename Value="ADim2.pas"/>
        <EditorIndex Value="-1"/>
        <CursorPos X="11" Y="20"/>
        <UsageCount Value="10"/>
      </Unit>
      <Unit>
        <Filename Value="../../../../../fpcupdeluxe/fpcsrc/packages/rtl-objpas/src/inc/strutils.pp"/>
        <UnitName Value="StrUtils"/>
        <EditorIndex Value="-1"/>
        <TopLine Value="65"/>
        <CursorPos X="10" Y="81"/>
        <UsageCount Value="10"/>
      </Unit>
      <Unit>
        <Filename Value="../../../../../fpcupdeluxe/fpcsrc/rtl/objpas/types.pp"/>
        <UnitName Value="Types"/>
        <EditorIndex Value="-1"/>
        <CursorPos X="11" Y="15"/>
        <UsageCount Value="10"/>
      </Unit>
      <Unit>
        <Filename Value="../../../../../fpcupdeluxe/fpcsrc/rtl/win32/system.pp"/>
        <UnitName Value="System"/>
        <EditorIndex Value="-1"/>
        <CursorPos X="15" Y="445"/>
        <UsageCount Value="10"/>
      </Unit>
      <Unit>
        <Filename Value="../../../../../fpcupdeluxe/fpcsrc/rtl/objpas/math.pp"/>
        <UnitName Value="Math"/>
        <EditorIndex Value="-1"/>
        <TopLine Value="564"/>
        <CursorPos X="18" Y="584"/>
        <UsageCount Value="10"/>
      </Unit>
      <Unit>
        <Filename Value="../../../../../fpcupdeluxe/fpcsrc/rtl/objpas/sysutils/syshelph.inc"/>
        <EditorIndex Value="-1"/>
        <CursorPos X="3" Y="4"/>
        <UsageCount Value="10"/>
      </Unit>
    </Units>
    <JumpHistory HistoryIndex="28">
      <Position>
        <Filename Value="examples.pas"/>
        <Caret Line="983" Column="138" TopLine="967"/>
      </Position>
      <Position>
        <Filename Value="examples.pas"/>
        <Caret Line="1075" Column="70" TopLine="1055"/>
      </Position>
      <Position>
        <Filename Value="examples.pas"/>
        <Caret Line="1097" Column="24" TopLine="1072"/>
      </Position>
      <Position>
        <Filename Value="examples.pas"/>
        <Caret Line="1087" Column="65" TopLine="1067"/>
      </Position>
      <Position>
        <Filename Value="examples.pas"/>
        <Caret Line="1097" Column="26" TopLine="1067"/>
      </Position>
      <Position>
        <Filename Value="examples.pas"/>
        <Caret Line="1096" Column="29" TopLine="1067"/>
      </Position>
      <Position>
        <Filename Value="examples.pas"/>
        <Caret Line="1097" Column="30" TopLine="1067"/>
      </Position>
      <Position>
        <Filename Value="examples.pas"/>
        <Caret Line="1097" Column="19" TopLine="1067"/>
      </Position>
      <Position>
        <Filename Value="examples.pas"/>
        <Caret Line="1094" Column="27" TopLine="1067"/>
      </Position>
      <Position>
        <Filename Value="examples.pas"/>
        <Caret Line="221" Column="52" TopLine="204"/>
      </Position>
      <Position>
        <Filename Value="examples.pas"/>
        <Caret Line="340" Column="54" TopLine="324"/>
      </Position>
      <Position>
        <Filename Value="examples.pas"/>
        <Caret Line="869" Column="66" TopLine="851"/>
      </Position>
      <Position>
        <Filename Value="examples.pas"/>
        <Caret Line="930" Column="72" TopLine="903"/>
      </Position>
      <Position>
        <Filename Value="examples.pas"/>
        <Caret Line="1008" Column="55" TopLine="990"/>
      </Position>
      <Position>
        <Filename Value="examples.pas"/>
        <Caret Line="984" Column="96" TopLine="968"/>
      </Position>
      <Position>
        <Filename Value="examples.pas"/>
        <Caret Line="1096" Column="19" TopLine="1078"/>
      </Position>
      <Position>
        <Filename Value="examples.pas"/>
        <Caret Line="1106" Column="75" TopLine="1084"/>
      </Position>
      <Position>
        <Filename Value="examples.pas"/>
        <Caret Line="1129" Column="73" TopLine="1097"/>
      </Position>
      <Position>
        <Filename Value="examples.pas"/>
        <Caret Line="1135" Column="20" TopLine="1114"/>
      </Position>
      <Position>
        <Filename Value="examples.pas"/>
        <Caret Line="1100" Column="30" TopLine="1086"/>
      </Position>
      <Position>
        <Filename Value="ADim.pas"/>
        <Caret Line="411" Column="28" TopLine="401"/>
      </Position>
      <Position>
        <Filename Value="ADim.pas"/>
        <Caret Line="4310" Column="53" TopLine="4297"/>
      </Position>
      <Position>
        <Filename Value="examples.pas"/>
        <Caret Line="155" Column="24" TopLine="136"/>
      </Position>
      <Position>
        <Filename Value="ADim.pas"/>
        <Caret Line="1090" Column="28" TopLine="1072"/>
      </Position>
      <Position>
        <Filename Value="ADim.pas"/>
        <Caret Line="5631" Column="16" TopLine="5615"/>
      </Position>
      <Position>
        <Filename Value="ADim.pas"/>
        <Caret Line="1063" Column="28" TopLine="1046"/>
      </Position>
      <Position>
        <Filename Value="adim.pas"/>
        <Caret Line="45" Column="22" TopLine="31"/>
      </Position>
      <Position>
        <Filename Value="examples.pas"/>
        <Caret Line="1093" Column="32" TopLine="1089"/>
      </Position>
      <Position>
        <Filename Value="adim.pas"/>
        <Caret Line="55" Column="37" TopLine="39"/>
      </Position>
    </JumpHistory>
  </ProjectOptions>
  <CompilerOptions>
    <Version Value="11"/>
    <Target>
      <Filename Value="build/examples"/>
    </Target>
    <SearchPaths>
      <IncludeFiles Value="$(ProjOutDir)"/>
      <UnitOutputDirectory Value="build/lib"/>
    </SearchPaths>
    <CodeGeneration>
      <Optimizations>
        <OptimizationLevel Value="0"/>
      </Optimizations>
    </CodeGeneration>
    <Linking>
      <Debugging>
        <DebugInfoType Value="dsDwarf2Set"/>
        <UseHeaptrc Value="True"/>
      </Debugging>
    </Linking>
  </CompilerOptions>
  <Debugging>
    <Exceptions>
      <Item>
        <Name Value="EAbort"/>
      </Item>
      <Item>
        <Name Value="ECodetoolError"/>
      </Item>
      <Item>
        <Name Value="EFOpenError"/>
      </Item>
    </Exceptions>
  </Debugging>
</CONFIG>
