<?xml version="1.0" encoding="UTF-8"?>
<CONFIG>
  <ProjectOptions>
    <Version Value="12"/>
    <PathDelim Value="\"/>
    <General>
      <Title Value="ADimPas Toolkit"/>
      <Scaled Value="True"/>
      <ResourceType Value="res"/>
      <UseXPManifest Value="True"/>
      <XPManifest>
        <DpiAware Value="True"/>
      </XPManifest>
      <Icon Value="0"/>
      <Resources Count="5">
        <Resource_0 FileName="resources\section-A0" Type="RCDATA" ResourceName="SECTION-A0"/>
        <Resource_1 FileName="resources\section-A1" Type="RCDATA" ResourceName="SECTION-A1"/>
        <Resource_2 FileName="resources\section-A4" Type="RCDATA" ResourceName="SECTION-A4"/>
        <Resource_3 FileName="resources\section-B1" Type="RCDATA" ResourceName="SECTION-B1"/>
        <Resource_4 FileName="resources\section-B4" Type="RCDATA" ResourceName="SECTION-B4"/>
      </Resources>
    </General>
    <BuildModes Active="Default">
      <Item Name="Default" Default="True"/>
    </BuildModes>
    <PublishOptions>
      <Version Value="2"/>
      <UseFileFilters Value="True"/>
    </PublishOptions>
    <RunParams>
      <FormatVersion Value="2"/>
    </RunParams>
    <RequiredPackages>
      <Item>
        <PackageName Value="laz_fpspreadsheet_visual"/>
      </Item>
      <Item>
        <PackageName Value="SynEditDsgn"/>
      </Item>
      <Item>
        <PackageName Value="SynEdit"/>
      </Item>
      <Item>
        <PackageName Value="LCL"/>
      </Item>
    </RequiredPackages>
    <Units>
      <Unit>
        <Filename Value="adimtoolkit.lpr"/>
        <IsPartOfProject Value="True"/>
        <TopLine Value="8"/>
        <CursorPos X="3" Y="33"/>
        <UsageCount Value="118"/>
        <Loaded Value="True"/>
      </Unit>
      <Unit>
        <Filename Value="mainfrm.pas"/>
        <IsPartOfProject Value="True"/>
        <ComponentName Value="MainForm"/>
        <HasResources Value="True"/>
        <ResourceBaseClass Value="Form"/>
        <UnitName Value="MainFrm"/>
        <IsVisibleTab Value="True"/>
        <EditorIndex Value="1"/>
        <TopLine Value="612"/>
        <CursorPos X="89" Y="634"/>
        <UsageCount Value="118"/>
        <Loaded Value="True"/>
        <LoadedDesigner Value="True"/>
      </Unit>
      <Unit>
        <Filename Value="uform2.pas"/>
        <ComponentName Value="Form2"/>
        <HasResources Value="True"/>
        <ResourceBaseClass Value="Form"/>
        <EditorIndex Value="-1"/>
        <UsageCount Value="23"/>
      </Unit>
      <Unit>
        <Filename Value="..\..\lazarus\lcl\grids.pas"/>
        <UnitName Value="Grids"/>
        <EditorIndex Value="-1"/>
        <TopLine Value="119"/>
        <CursorPos X="11" Y="131"/>
        <UsageCount Value="8"/>
      </Unit>
      <Unit>
        <Filename Value="src\UUnits.pas"/>
        <EditorIndex Value="-1"/>
        <TopLine Value="44"/>
        <CursorPos X="85" Y="60"/>
        <UsageCount Value="11"/>
      </Unit>
      <Unit>
        <Filename Value="src\UnitOfMeasurement.pas"/>
        <EditorIndex Value="-1"/>
        <TopLine Value="649"/>
        <CursorPos X="42" Y="665"/>
        <UsageCount Value="8"/>
      </Unit>
      <Unit>
        <Filename Value="src\EN13906.pas"/>
        <EditorIndex Value="-1"/>
        <TopLine Value="262"/>
        <CursorPos X="29" Y="277"/>
        <UsageCount Value="8"/>
      </Unit>
      <Unit>
        <Filename Value="..\qk\SpringLIB\src\UnitOfMeasurement.pas"/>
        <EditorIndex Value="-1"/>
        <TopLine Value="1307"/>
        <CursorPos X="6" Y="1346"/>
        <UsageCount Value="8"/>
      </Unit>
      <Unit>
        <Filename Value="..\qk\SpringLIB\src\EN13906.pas"/>
        <EditorIndex Value="-1"/>
        <TopLine Value="799"/>
        <CursorPos X="62" Y="802"/>
        <UsageCount Value="9"/>
      </Unit>
      <Unit>
        <Filename Value="..\lazarus\lcl\grids.pas"/>
        <UnitName Value="Grids"/>
        <EditorIndex Value="-1"/>
        <TopLine Value="592"/>
        <CursorPos X="14" Y="610"/>
        <UsageCount Value="8"/>
      </Unit>
      <Unit>
        <Filename Value="C:\FPC\3.2.2\source\packages\fcl-base\src\inifiles.pp"/>
        <UnitName Value="IniFiles"/>
        <EditorIndex Value="-1"/>
        <TopLine Value="126"/>
        <CursorPos X="3" Y="145"/>
        <UsageCount Value="8"/>
      </Unit>
      <Unit>
        <Filename Value="C:\FPC\3.2.2\source\rtl\objpas\sysutils\sysstrh.inc"/>
        <EditorIndex Value="-1"/>
        <TopLine Value="97"/>
        <CursorPos X="10" Y="115"/>
        <UsageCount Value="8"/>
      </Unit>
      <Unit>
        <Filename Value="C:\FPC\3.2.2\source\rtl\objpas\classes\classesh.inc"/>
        <EditorIndex Value="-1"/>
        <TopLine Value="698"/>
        <CursorPos X="15" Y="716"/>
        <UsageCount Value="9"/>
      </Unit>
      <Unit>
        <Filename Value="..\qk\SpringLIB\src\ADim.pas"/>
        <EditorIndex Value="-1"/>
        <TopLine Value="3604"/>
        <CursorPos X="6" Y="3623"/>
        <UsageCount Value="9"/>
      </Unit>
      <Unit>
        <Filename Value="SimulatedAnnealing.pas"/>
        <UnitName Value="simulatedannealing"/>
        <EditorIndex Value="-1"/>
        <TopLine Value="29"/>
        <CursorPos X="56" Y="51"/>
        <UsageCount Value="10"/>
      </Unit>
      <Unit>
        <Filename Value="C:\FPC\3.2.2\source\rtl\inc\objpash.inc"/>
        <EditorIndex Value="-1"/>
        <TopLine Value="187"/>
        <CursorPos X="23" Y="206"/>
        <UsageCount Value="9"/>
      </Unit>
      <Unit>
        <Filename Value="..\qk\SpringLIB\src\UtilsBase.pas"/>
        <EditorIndex Value="-1"/>
        <TopLine Value="90"/>
        <CursorPos X="36" Y="116"/>
        <UsageCount Value="9"/>
      </Unit>
      <Unit>
        <Filename Value="..\lazarus\lcl\dialogs.pp"/>
        <UnitName Value="Dialogs"/>
        <EditorIndex Value="-1"/>
        <TopLine Value="23"/>
        <CursorPos X="3" Y="42"/>
        <UsageCount Value="9"/>
      </Unit>
      <Unit>
        <Filename Value="..\..\..\AppData\Local\lazarus\onlinepackagemanager\packages\fpspreadsheet\source\visual\fpspreadsheetgrid.pas"/>
        <EditorIndex Value="-1"/>
        <TopLine Value="317"/>
        <CursorPos X="22" Y="307"/>
        <UsageCount Value="10"/>
      </Unit>
      <Unit>
        <Filename Value="..\..\..\AppData\Local\lazarus\onlinepackagemanager\packages\fpspreadsheet\source\common\fpstypes.pas"/>
        <UnitName Value="fpsTypes"/>
        <EditorIndex Value="-1"/>
        <TopLine Value="30"/>
        <CursorPos X="66" Y="48"/>
        <UsageCount Value="9"/>
      </Unit>
      <Unit>
        <Filename Value="resources\section-A1"/>
        <EditorIndex Value="-1"/>
        <TopLine Value="11"/>
        <CursorPos X="16" Y="17"/>
        <UsageCount Value="9"/>
        <DefaultSyntaxHighlighter Value="None"/>
      </Unit>
      <Unit>
        <Filename Value="resources\section-A6"/>
        <EditorIndex Value="-1"/>
        <UsageCount Value="9"/>
        <DefaultSyntaxHighlighter Value="None"/>
      </Unit>
      <Unit>
        <Filename Value="resources\section-B1"/>
        <EditorIndex Value="-1"/>
        <TopLine Value="77"/>
        <CursorPos X="12" Y="10"/>
        <UsageCount Value="9"/>
        <DefaultSyntaxHighlighter Value="None"/>
      </Unit>
      <Unit>
        <Filename Value="resources\section-B6"/>
        <EditorIndex Value="-1"/>
        <UsageCount Value="9"/>
        <DefaultSyntaxHighlighter Value="None"/>
      </Unit>
      <Unit>
        <Filename Value="C:\fpcupdeluxe\fpcsrc\packages\rtl-objpas\src\inc\strutils.pp"/>
        <UnitName Value="StrUtils"/>
        <EditorIndex Value="-1"/>
        <TopLine Value="1981"/>
        <CursorPos X="3" Y="1987"/>
        <UsageCount Value="10"/>
      </Unit>
      <Unit>
        <Filename Value="resources\section-A0"/>
        <EditorIndex Value="-1"/>
        <UsageCount Value="9"/>
        <DefaultSyntaxHighlighter Value="None"/>
      </Unit>
      <Unit>
        <Filename Value="resources\section-A4"/>
        <EditorIndex Value="-1"/>
        <UsageCount Value="9"/>
        <DefaultSyntaxHighlighter Value="None"/>
      </Unit>
      <Unit>
        <Filename Value="resources\section-B4"/>
        <EditorIndex Value="-1"/>
        <CursorPos X="11" Y="50"/>
        <UsageCount Value="9"/>
        <DefaultSyntaxHighlighter Value="None"/>
      </Unit>
      <Unit>
        <Filename Value="..\qk\SpringLIB\src\EN15800.pas"/>
        <EditorIndex Value="-1"/>
        <TopLine Value="477"/>
        <CursorPos X="21" Y="495"/>
        <UsageCount Value="9"/>
      </Unit>
      <Unit>
        <Filename Value="..\qk\SpringLIB\src\EN10270.pas"/>
        <EditorIndex Value="-1"/>
        <TopLine Value="237"/>
        <CursorPos X="82" Y="253"/>
        <UsageCount Value="9"/>
      </Unit>
      <Unit>
        <Filename Value="C:\FPC\3.2.2\source\rtl\inc\systemh.inc"/>
        <EditorIndex Value="-1"/>
        <TopLine Value="1203"/>
        <CursorPos X="14" Y="1221"/>
        <UsageCount Value="9"/>
      </Unit>
      <Unit>
        <Filename Value="C:\FPC\3.2.2\source\rtl\inc\astrings.inc"/>
        <EditorIndex Value="-1"/>
        <TopLine Value="981"/>
        <CursorPos X="4" Y="996"/>
        <UsageCount Value="9"/>
      </Unit>
      <Unit>
        <Filename Value="C:\fpcupdeluxe\fpcsrc\rtl\objpas\sysutils\sysstrh.inc"/>
        <EditorIndex Value="-1"/>
        <TopLine Value="258"/>
        <CursorPos X="3" Y="277"/>
        <UsageCount Value="10"/>
      </Unit>
      <Unit>
        <Filename Value="C:\fpcupdeluxe\fpcsrc\rtl\objpas\classes\classesh.inc"/>
        <EditorIndex Value="-1"/>
        <TopLine Value="849"/>
        <CursorPos X="21" Y="864"/>
        <UsageCount Value="10"/>
      </Unit>
      <Unit>
        <Filename Value="C:\fpcupdeluxe\fpcsrc\rtl\objpas\classes\stringl.inc"/>
        <EditorIndex Value="-1"/>
        <TopLine Value="2043"/>
        <CursorPos X="3" Y="2046"/>
        <UsageCount Value="10"/>
      </Unit>
      <Unit>
        <Filename Value="C:\fpcupdeluxe\fpcsrc\rtl\inc\systemh.inc"/>
        <EditorIndex Value="-1"/>
        <TopLine Value="529"/>
        <CursorPos X="3" Y="548"/>
        <UsageCount Value="10"/>
      </Unit>
    </Units>
    <JumpHistory HistoryIndex="29">
      <Position>
        <Filename Value="mainfrm.pas"/>
        <Caret Line="159" Column="44" TopLine="136"/>
      </Position>
      <Position>
        <Filename Value="mainfrm.pas"/>
        <Caret Line="146" Column="11" TopLine="143"/>
      </Position>
      <Position>
        <Filename Value="mainfrm.pas"/>
        <Caret Line="153" Column="31" TopLine="143"/>
      </Position>
      <Position>
        <Filename Value="mainfrm.pas"/>
        <Caret Line="732" Column="24" TopLine="720"/>
      </Position>
      <Position>
        <Filename Value="mainfrm.pas"/>
        <Caret Line="153" Column="33" TopLine="134"/>
      </Position>
      <Position>
        <Filename Value="mainfrm.pas"/>
        <Caret Line="733" Column="27" TopLine="706"/>
      </Position>
      <Position>
        <Filename Value="mainfrm.pas"/>
        <Caret Line="253" Column="59" TopLine="19"/>
      </Position>
      <Position>
        <Filename Value="mainfrm.pas"/>
        <Caret Line="203" Column="22" TopLine="191"/>
      </Position>
      <Position>
        <Filename Value="mainfrm.pas"/>
        <Caret Line="201" Column="48" TopLine="200"/>
      </Position>
      <Position>
        <Filename Value="mainfrm.pas"/>
        <Caret Line="542" Column="18" TopLine="531"/>
      </Position>
      <Position>
        <Filename Value="mainfrm.pas"/>
        <Caret Line="169" Column="11" TopLine="142"/>
      </Position>
      <Position>
        <Filename Value="mainfrm.pas"/>
        <Caret Line="146" Column="24" TopLine="136"/>
      </Position>
      <Position>
        <Filename Value="mainfrm.pas"/>
        <Caret Line="741" Column="27" TopLine="727"/>
      </Position>
      <Position>
        <Filename Value="mainfrm.pas"/>
        <Caret Line="146" Column="24" TopLine="145"/>
      </Position>
      <Position>
        <Filename Value="mainfrm.pas"/>
        <Caret Line="74" TopLine="53"/>
      </Position>
      <Position>
        <Filename Value="mainfrm.pas"/>
        <Caret Line="465" Column="38" TopLine="141"/>
      </Position>
      <Position>
        <Filename Value="mainfrm.pas"/>
        <Caret Line="257" Column="25" TopLine="132"/>
      </Position>
      <Position>
        <Filename Value="mainfrm.pas"/>
        <Caret Line="75" Column="31" TopLine="54"/>
      </Position>
      <Position>
        <Filename Value="mainfrm.pas"/>
        <Caret Line="473" Column="20" TopLine="210"/>
      </Position>
      <Position>
        <Filename Value="mainfrm.pas"/>
        <Caret Line="478" Column="20" TopLine="437"/>
      </Position>
      <Position>
        <Filename Value="mainfrm.pas"/>
        <Caret Line="474" Column="41" TopLine="437"/>
      </Position>
      <Position>
        <Filename Value="mainfrm.pas"/>
        <Caret Line="478" Column="62" TopLine="437"/>
      </Position>
      <Position>
        <Filename Value="mainfrm.pas"/>
        <Caret Line="467" Column="13" TopLine="437"/>
      </Position>
      <Position>
        <Filename Value="mainfrm.pas"/>
        <Caret Line="468" Column="20" TopLine="437"/>
      </Position>
      <Position>
        <Filename Value="mainfrm.pas"/>
        <Caret Line="533" Column="3" TopLine="517"/>
      </Position>
      <Position>
        <Filename Value="mainfrm.pas"/>
        <Caret Line="510" Column="5" TopLine="492"/>
      </Position>
      <Position>
        <Filename Value="mainfrm.pas"/>
        <Caret Line="558" Column="13" TopLine="526"/>
      </Position>
      <Position>
        <Filename Value="mainfrm.pas"/>
        <Caret Line="587" Column="66" TopLine="569"/>
      </Position>
      <Position>
        <Filename Value="mainfrm.pas"/>
        <Caret Line="987" Column="3" TopLine="927"/>
      </Position>
      <Position>
        <Filename Value="mainfrm.pas"/>
        <Caret Line="468" Column="40" TopLine="257"/>
      </Position>
    </JumpHistory>
  </ProjectOptions>
  <CompilerOptions>
    <Version Value="11"/>
    <PathDelim Value="\"/>
    <Target>
      <Filename Value="build\adimtoolkit"/>
    </Target>
    <SearchPaths>
      <IncludeFiles Value="$(ProjOutDir)"/>
      <UnitOutputDirectory Value="build\lib"/>
    </SearchPaths>
    <CodeGeneration>
      <Optimizations>
        <OptimizationLevel Value="0"/>
      </Optimizations>
    </CodeGeneration>
    <Linking>
      <Debugging>
        <GenerateDebugInfo Value="False"/>
        <RunWithoutDebug Value="True"/>
        <DebugInfoType Value="dsDwarf3"/>
        <UseLineInfoUnit Value="False"/>
      </Debugging>
      <Options>
        <Win32>
          <GraphicApplication Value="True"/>
        </Win32>
      </Options>
    </Linking>
  </CompilerOptions>
  <Debugging>
    <Exceptions>
      <Item>
        <Name Value="EAbort"/>
      </Item>
      <Item>
        <Name Value="ECodetoolError"/>
      </Item>
      <Item>
        <Name Value="EFOpenError"/>
      </Item>
      <Item>
        <Name Value="EXMLReadError"/>
      </Item>
    </Exceptions>
  </Debugging>
</CONFIG>
