<?xml version="1.0" encoding="UTF-8"?>
<CONFIG>
  <ProjectOptions>
    <Version Value="12"/>
    <PathDelim Value="\"/>
    <General>
      <Title Value="ADimPas Toolkit"/>
      <Scaled Value="True"/>
      <ResourceType Value="res"/>
      <UseXPManifest Value="True"/>
      <XPManifest>
        <DpiAware Value="True"/>
      </XPManifest>
      <Icon Value="0"/>
      <Resources Count="5">
        <Resource_0 FileName="resources\section-A0" Type="RCDATA" ResourceName="SECTION-A0"/>
        <Resource_1 FileName="resources\section-A1" Type="RCDATA" ResourceName="SECTION-A1"/>
        <Resource_2 FileName="resources\section-A4" Type="RCDATA" ResourceName="SECTION-A4"/>
        <Resource_3 FileName="resources\section-B1" Type="RCDATA" ResourceName="SECTION-B1"/>
        <Resource_4 FileName="resources\section-B4" Type="RCDATA" ResourceName="SECTION-B4"/>
      </Resources>
    </General>
    <BuildModes Active="Default">
      <Item Name="Default" Default="True"/>
    </BuildModes>
    <PublishOptions>
      <Version Value="2"/>
      <UseFileFilters Value="True"/>
    </PublishOptions>
    <RunParams>
      <FormatVersion Value="2"/>
    </RunParams>
    <RequiredPackages>
      <Item>
        <PackageName Value="laz_fpspreadsheet_visual"/>
      </Item>
      <Item>
        <PackageName Value="SynEditDsgn"/>
      </Item>
      <Item>
        <PackageName Value="SynEdit"/>
      </Item>
      <Item>
        <PackageName Value="LCL"/>
      </Item>
    </RequiredPackages>
    <Units>
      <Unit>
        <Filename Value="adimtoolkit.lpr"/>
        <IsPartOfProject Value="True"/>
        <TopLine Value="8"/>
        <CursorPos X="3" Y="33"/>
        <UsageCount Value="118"/>
        <Loaded Value="True"/>
      </Unit>
      <Unit>
        <Filename Value="mainfrm.pas"/>
        <IsPartOfProject Value="True"/>
        <ComponentName Value="MainForm"/>
        <HasResources Value="True"/>
        <ResourceBaseClass Value="Form"/>
        <UnitName Value="MainFrm"/>
        <IsVisibleTab Value="True"/>
        <EditorIndex Value="1"/>
        <CursorPos X="3" Y="28"/>
        <FoldState Value=" T3jL077 PiGiF04"/>
        <UsageCount Value="118"/>
        <Loaded Value="True"/>
        <LoadedDesigner Value="True"/>
      </Unit>
      <Unit>
        <Filename Value="uform2.pas"/>
        <ComponentName Value="Form2"/>
        <HasResources Value="True"/>
        <ResourceBaseClass Value="Form"/>
        <EditorIndex Value="-1"/>
        <UsageCount Value="23"/>
      </Unit>
      <Unit>
        <Filename Value="..\..\lazarus\lcl\grids.pas"/>
        <UnitName Value="Grids"/>
        <EditorIndex Value="-1"/>
        <TopLine Value="119"/>
        <CursorPos X="11" Y="131"/>
        <UsageCount Value="8"/>
      </Unit>
      <Unit>
        <Filename Value="src\UUnits.pas"/>
        <EditorIndex Value="-1"/>
        <TopLine Value="44"/>
        <CursorPos X="85" Y="60"/>
        <UsageCount Value="11"/>
      </Unit>
      <Unit>
        <Filename Value="src\UnitOfMeasurement.pas"/>
        <EditorIndex Value="-1"/>
        <TopLine Value="649"/>
        <CursorPos X="42" Y="665"/>
        <UsageCount Value="8"/>
      </Unit>
      <Unit>
        <Filename Value="src\EN13906.pas"/>
        <EditorIndex Value="-1"/>
        <TopLine Value="262"/>
        <CursorPos X="29" Y="277"/>
        <UsageCount Value="8"/>
      </Unit>
      <Unit>
        <Filename Value="..\qk\SpringLIB\src\UnitOfMeasurement.pas"/>
        <EditorIndex Value="-1"/>
        <TopLine Value="1307"/>
        <CursorPos X="6" Y="1346"/>
        <UsageCount Value="8"/>
      </Unit>
      <Unit>
        <Filename Value="..\qk\SpringLIB\src\EN13906.pas"/>
        <EditorIndex Value="-1"/>
        <TopLine Value="799"/>
        <CursorPos X="62" Y="802"/>
        <UsageCount Value="9"/>
      </Unit>
      <Unit>
        <Filename Value="..\lazarus\lcl\grids.pas"/>
        <UnitName Value="Grids"/>
        <EditorIndex Value="-1"/>
        <TopLine Value="592"/>
        <CursorPos X="14" Y="610"/>
        <UsageCount Value="8"/>
      </Unit>
      <Unit>
        <Filename Value="C:\FPC\3.2.2\source\packages\fcl-base\src\inifiles.pp"/>
        <UnitName Value="IniFiles"/>
        <EditorIndex Value="-1"/>
        <TopLine Value="126"/>
        <CursorPos X="3" Y="145"/>
        <UsageCount Value="8"/>
      </Unit>
      <Unit>
        <Filename Value="C:\FPC\3.2.2\source\rtl\objpas\sysutils\sysstrh.inc"/>
        <EditorIndex Value="-1"/>
        <TopLine Value="97"/>
        <CursorPos X="10" Y="115"/>
        <UsageCount Value="8"/>
      </Unit>
      <Unit>
        <Filename Value="C:\FPC\3.2.2\source\rtl\objpas\classes\classesh.inc"/>
        <EditorIndex Value="-1"/>
        <TopLine Value="698"/>
        <CursorPos X="15" Y="716"/>
        <UsageCount Value="9"/>
      </Unit>
      <Unit>
        <Filename Value="..\qk\SpringLIB\src\ADim.pas"/>
        <EditorIndex Value="-1"/>
        <TopLine Value="3604"/>
        <CursorPos X="6" Y="3623"/>
        <UsageCount Value="9"/>
      </Unit>
      <Unit>
        <Filename Value="SimulatedAnnealing.pas"/>
        <UnitName Value="simulatedannealing"/>
        <EditorIndex Value="-1"/>
        <TopLine Value="29"/>
        <CursorPos X="56" Y="51"/>
        <UsageCount Value="10"/>
      </Unit>
      <Unit>
        <Filename Value="C:\FPC\3.2.2\source\rtl\inc\objpash.inc"/>
        <EditorIndex Value="-1"/>
        <TopLine Value="187"/>
        <CursorPos X="23" Y="206"/>
        <UsageCount Value="9"/>
      </Unit>
      <Unit>
        <Filename Value="..\qk\SpringLIB\src\UtilsBase.pas"/>
        <EditorIndex Value="-1"/>
        <TopLine Value="90"/>
        <CursorPos X="36" Y="116"/>
        <UsageCount Value="9"/>
      </Unit>
      <Unit>
        <Filename Value="..\lazarus\lcl\dialogs.pp"/>
        <UnitName Value="Dialogs"/>
        <EditorIndex Value="-1"/>
        <TopLine Value="23"/>
        <CursorPos X="3" Y="42"/>
        <UsageCount Value="9"/>
      </Unit>
      <Unit>
        <Filename Value="..\..\..\AppData\Local\lazarus\onlinepackagemanager\packages\fpspreadsheet\source\visual\fpspreadsheetgrid.pas"/>
        <EditorIndex Value="-1"/>
        <TopLine Value="317"/>
        <CursorPos X="22" Y="307"/>
        <UsageCount Value="10"/>
      </Unit>
      <Unit>
        <Filename Value="..\..\..\AppData\Local\lazarus\onlinepackagemanager\packages\fpspreadsheet\source\common\fpstypes.pas"/>
        <UnitName Value="fpsTypes"/>
        <EditorIndex Value="-1"/>
        <TopLine Value="30"/>
        <CursorPos X="66" Y="48"/>
        <UsageCount Value="9"/>
      </Unit>
      <Unit>
        <Filename Value="resources\section-A1"/>
        <EditorIndex Value="-1"/>
        <TopLine Value="11"/>
        <CursorPos X="16" Y="17"/>
        <UsageCount Value="9"/>
        <DefaultSyntaxHighlighter Value="None"/>
      </Unit>
      <Unit>
        <Filename Value="resources\section-A6"/>
        <EditorIndex Value="-1"/>
        <UsageCount Value="9"/>
        <DefaultSyntaxHighlighter Value="None"/>
      </Unit>
      <Unit>
        <Filename Value="resources\section-B1"/>
        <EditorIndex Value="-1"/>
        <TopLine Value="77"/>
        <CursorPos X="12" Y="10"/>
        <UsageCount Value="9"/>
        <DefaultSyntaxHighlighter Value="None"/>
      </Unit>
      <Unit>
        <Filename Value="resources\section-B6"/>
        <EditorIndex Value="-1"/>
        <UsageCount Value="9"/>
        <DefaultSyntaxHighlighter Value="None"/>
      </Unit>
      <Unit>
        <Filename Value="C:\fpcupdeluxe\fpcsrc\packages\rtl-objpas\src\inc\strutils.pp"/>
        <UnitName Value="StrUtils"/>
        <EditorIndex Value="-1"/>
        <TopLine Value="1981"/>
        <CursorPos X="3" Y="1987"/>
        <UsageCount Value="10"/>
      </Unit>
      <Unit>
        <Filename Value="resources\section-A0"/>
        <EditorIndex Value="-1"/>
        <UsageCount Value="9"/>
        <DefaultSyntaxHighlighter Value="None"/>
      </Unit>
      <Unit>
        <Filename Value="resources\section-A4"/>
        <EditorIndex Value="-1"/>
        <UsageCount Value="9"/>
        <DefaultSyntaxHighlighter Value="None"/>
      </Unit>
      <Unit>
        <Filename Value="resources\section-B4"/>
        <EditorIndex Value="-1"/>
        <CursorPos X="11" Y="50"/>
        <UsageCount Value="9"/>
        <DefaultSyntaxHighlighter Value="None"/>
      </Unit>
      <Unit>
        <Filename Value="..\qk\SpringLIB\src\EN15800.pas"/>
        <EditorIndex Value="-1"/>
        <TopLine Value="477"/>
        <CursorPos X="21" Y="495"/>
        <UsageCount Value="9"/>
      </Unit>
      <Unit>
        <Filename Value="..\qk\SpringLIB\src\EN10270.pas"/>
        <EditorIndex Value="-1"/>
        <TopLine Value="237"/>
        <CursorPos X="82" Y="253"/>
        <UsageCount Value="9"/>
      </Unit>
      <Unit>
        <Filename Value="C:\FPC\3.2.2\source\rtl\inc\systemh.inc"/>
        <EditorIndex Value="-1"/>
        <TopLine Value="1203"/>
        <CursorPos X="14" Y="1221"/>
        <UsageCount Value="9"/>
      </Unit>
      <Unit>
        <Filename Value="C:\FPC\3.2.2\source\rtl\inc\astrings.inc"/>
        <EditorIndex Value="-1"/>
        <TopLine Value="981"/>
        <CursorPos X="4" Y="996"/>
        <UsageCount Value="9"/>
      </Unit>
      <Unit>
        <Filename Value="C:\fpcupdeluxe\fpcsrc\rtl\objpas\sysutils\sysstrh.inc"/>
        <EditorIndex Value="-1"/>
        <TopLine Value="258"/>
        <CursorPos X="3" Y="277"/>
        <UsageCount Value="10"/>
      </Unit>
      <Unit>
        <Filename Value="C:\fpcupdeluxe\fpcsrc\rtl\objpas\classes\classesh.inc"/>
        <EditorIndex Value="-1"/>
        <TopLine Value="849"/>
        <CursorPos X="21" Y="864"/>
        <UsageCount Value="10"/>
      </Unit>
      <Unit>
        <Filename Value="C:\fpcupdeluxe\fpcsrc\rtl\objpas\classes\stringl.inc"/>
        <EditorIndex Value="-1"/>
        <TopLine Value="2043"/>
        <CursorPos X="3" Y="2046"/>
        <UsageCount Value="10"/>
      </Unit>
      <Unit>
        <Filename Value="C:\fpcupdeluxe\fpcsrc\rtl\inc\systemh.inc"/>
        <EditorIndex Value="-1"/>
        <TopLine Value="529"/>
        <CursorPos X="3" Y="548"/>
        <UsageCount Value="10"/>
      </Unit>
    </Units>
    <JumpHistory HistoryIndex="29">
      <Position>
        <Filename Value="mainfrm.pas"/>
        <Caret Line="587" Column="66" TopLine="569"/>
      </Position>
      <Position>
        <Filename Value="mainfrm.pas"/>
        <Caret Line="987" Column="3" TopLine="927"/>
      </Position>
      <Position>
        <Filename Value="mainfrm.pas"/>
        <Caret Line="468" Column="40" TopLine="257"/>
      </Position>
      <Position>
        <Filename Value="mainfrm.pas"/>
        <Caret Line="160" Column="22" TopLine="106"/>
      </Position>
      <Position>
        <Filename Value="mainfrm.pas"/>
        <Caret Line="152" Column="30" TopLine="124"/>
      </Position>
      <Position>
        <Filename Value="mainfrm.pas"/>
        <Caret Line="159" Column="14" TopLine="133"/>
      </Position>
      <Position>
        <Filename Value="mainfrm.pas"/>
        <Caret Line="287" Column="46" TopLine="282"/>
      </Position>
      <Position>
        <Filename Value="mainfrm.pas"/>
        <Caret Line="108" Column="28" TopLine="89"/>
      </Position>
      <Position>
        <Filename Value="mainfrm.pas"/>
        <Caret Line="288" Column="36" TopLine="283"/>
      </Position>
      <Position>
        <Filename Value="mainfrm.pas"/>
        <Caret Line="117" Column="26" TopLine="98"/>
      </Position>
      <Position>
        <Filename Value="mainfrm.pas"/>
        <Caret Line="293" Column="36" TopLine="278"/>
      </Position>
      <Position>
        <Filename Value="mainfrm.pas"/>
        <Caret Line="141" Column="25" TopLine="122"/>
      </Position>
      <Position>
        <Filename Value="mainfrm.pas"/>
        <Caret Line="294" Column="36" TopLine="279"/>
      </Position>
      <Position>
        <Filename Value="mainfrm.pas"/>
        <Caret Line="133" Column="27" TopLine="114"/>
      </Position>
      <Position>
        <Filename Value="mainfrm.pas"/>
        <Caret Line="812" Column="42" TopLine="806"/>
      </Position>
      <Position>
        <Filename Value="mainfrm.pas"/>
        <Caret Line="125" Column="32" TopLine="106"/>
      </Position>
      <Position>
        <Filename Value="mainfrm.pas"/>
        <Caret Line="966" Column="20" TopLine="958"/>
      </Position>
      <Position>
        <Filename Value="mainfrm.pas"/>
        <Caret Line="157" Column="23" TopLine="132"/>
      </Position>
      <Position>
        <Filename Value="mainfrm.pas"/>
        <Caret Line="967" Column="22" TopLine="959"/>
      </Position>
      <Position>
        <Filename Value="mainfrm.pas"/>
        <Caret Line="148" Column="10" TopLine="108"/>
      </Position>
      <Position>
        <Filename Value="mainfrm.pas"/>
        <Caret Line="962" Column="20" TopLine="948"/>
      </Position>
      <Position>
        <Filename Value="mainfrm.pas"/>
        <Caret Line="213" Column="138" TopLine="208"/>
      </Position>
      <Position>
        <Filename Value="mainfrm.pas"/>
        <Caret Line="241" Column="90" TopLine="213"/>
      </Position>
      <Position>
        <Filename Value="mainfrm.pas"/>
        <Caret Line="291" Column="82" TopLine="271"/>
      </Position>
      <Position>
        <Filename Value="mainfrm.pas"/>
        <Caret Line="315" Column="84" TopLine="295"/>
      </Position>
      <Position>
        <Filename Value="mainfrm.pas"/>
        <Caret Line="598" Column="110" TopLine="580"/>
      </Position>
      <Position>
        <Filename Value="mainfrm.pas"/>
        <Caret Line="552" Column="20" TopLine="503"/>
      </Position>
      <Position>
        <Filename Value="mainfrm.pas"/>
        <Caret Line="80" Column="30" TopLine="64"/>
      </Position>
      <Position>
        <Filename Value="mainfrm.pas"/>
        <Caret Line="448" Column="24" TopLine="420"/>
      </Position>
      <Position>
        <Filename Value="mainfrm.pas"/>
        <Caret Line="839" Column="36" TopLine="821"/>
      </Position>
    </JumpHistory>
  </ProjectOptions>
  <CompilerOptions>
    <Version Value="11"/>
    <PathDelim Value="\"/>
    <Target>
      <Filename Value="build\adimtoolkit"/>
    </Target>
    <SearchPaths>
      <IncludeFiles Value="$(ProjOutDir)"/>
      <UnitOutputDirectory Value="build\lib"/>
    </SearchPaths>
    <CodeGeneration>
      <Optimizations>
        <OptimizationLevel Value="0"/>
      </Optimizations>
    </CodeGeneration>
    <Linking>
      <Debugging>
        <RunWithoutDebug Value="True"/>
        <DebugInfoType Value="dsDwarf3"/>
        <UseHeaptrc Value="True"/>
      </Debugging>
    </Linking>
  </CompilerOptions>
  <Debugging>
    <Exceptions>
      <Item>
        <Name Value="EAbort"/>
      </Item>
      <Item>
        <Name Value="ECodetoolError"/>
      </Item>
      <Item>
        <Name Value="EFOpenError"/>
      </Item>
      <Item>
        <Name Value="EXMLReadError"/>
      </Item>
    </Exceptions>
  </Debugging>
</CONFIG>
